
Microsoft Visual Studio Solution File, Format Version 12.00
# Visual Studio 2013
VisualStudioVersion = 12.0.31101.0
MinimumVisualStudioVersion = 10.0.40219.1
Project("{FAE04EC0-301F-11D3-BF4B-00C04F79EFBC}") = "Pzl.Did.Api", "Pzl.Did.Api\Pzl.Did.Api.csproj", "{242B7C81-BF1D-4F43-8E04-F4148DE01A0A}"
EndProject
Project("{FAE04EC0-301F-11D3-BF4B-00C04F79EFBC}") = "Pzl.SharePoint.Client", "Pzl.SharePoint.Client\Pzl.SharePoint.Client.csproj", "{62F2FEBC-7C1E-4E5C-AA3C-9B84E2567141}"
EndProject
Global
	GlobalSection(SolutionConfigurationPlatforms) = preSolution
		Debug|Any CPU = Debug|Any CPU
		Release|Any CPU = Release|Any CPU
	EndGlobalSection
	GlobalSection(ProjectConfigurationPlatforms) = postSolution
		{242B7C81-BF1D-4F43-8E04-F4148DE01A0A}.Debug|Any CPU.ActiveCfg = Debug|Any CPU
		{242B7C81-BF1D-4F43-8E04-F4148DE01A0A}.Debug|Any CPU.Build.0 = Debug|Any CPU
		{242B7C81-BF1D-4F43-8E04-F4148DE01A0A}.Release|Any CPU.ActiveCfg = Release|Any CPU
		{242B7C81-BF1D-4F43-8E04-F4148DE01A0A}.Release|Any CPU.Build.0 = Release|Any CPU
		{62F2FEBC-7C1E-4E5C-AA3C-9B84E2567141}.Debug|Any CPU.ActiveCfg = Debug|Any CPU
		{62F2FEBC-7C1E-4E5C-AA3C-9B84E2567141}.Debug|Any CPU.Build.0 = Debug|Any CPU
		{62F2FEBC-7C1E-4E5C-AA3C-9B84E2567141}.Release|Any CPU.ActiveCfg = Release|Any CPU
		{62F2FEBC-7C1E-4E5C-AA3C-9B84E2567141}.Release|Any CPU.Build.0 = Release|Any CPU
	EndGlobalSection
	GlobalSection(SolutionProperties) = preSolution
		HideSolutionNode = FALSE
	EndGlobalSection
EndGlobal
